{
  "version": 4,
  "terraform_version": "1.15.9",
  "serial": 4,
  "lineage": "6e1b43de-5046-e042-ba96-6cc7c270e335",
  "outputs": {},
  "resources": [
    {
      "mode": "managed",
      "type": "google_storage_bucket",
      "name": "project_bucket",
      "provider": "provider[\"registry.terraform.io/hashicorp/google\"]",
      "instances": [
        {
          "schema_version": 3,
          "attributes": {
            "autoclass": [],
            "cors": [],
            "custom_placement_config": [],
            "default_event_based_hold": false,
            "effective_labels": {
              "goog-terraform-provisioned": "true"
            },
            "enable_object_retention": false,
            "encryption": [],
            "force_destroy": false,
            "hierarchical_namespace": [
              {
                "enabled": false
              }
            ],
            "id": "devops-gcp-project-bucket",
            "ip_filter": [],
            "labels": null,
            "lifecycle_rule": [],
            "location": "US",
            "logging": [],
            "name": "devops-gcp-project-bucket",
            "project": "devops-gcp-project",
            "project_number": 1,
            "public_access_prevention": null,
            "requester_pays": false,
            "retention_policy": [],
            "rpo": null,
            "self_link": "http://localhost:4588/storage/v1/b/devops-gcp-project-bucket",
            "soft_delete_policy": [],
            "storage_class": "STANDARD",
            "terraform_labels": {
              "goog-terraform-provisioned": "true"
            },
            "time_created": "2026-09-04T13:17:52.205566Z",
            "timeouts": null,
            "uniform_bucket_level_access": false,
            "updated": "2026-09-04T13:17:52.205566Z",
            "url": "gs://devops-gcp-project-bucket",
            "versioning": [],
            "website": []
          },
          "sensitive_attributes": [],
          "identity_schema_version": 0,
          "private": "eyJlMmJmYjczMC1lY2FhLTExZTYtOGY4OC0zNDM2M2JjN2M0YzAiOnsiY3JlYXRlIjo2MDAwMDAwMDAwMDAsInJlYWQiOjI0MDAwMDAwMDAwMCwidXBkYXRlIjoyNDAwMDAwMDAwMDB9LCJzY2hlbWFfdmVyc2lvbiI6IjMifQ=="
        }
      ]
    }
  ],
  "check_results": null
}
